# Generated by buf. DO NOT EDIT.
version: v1
deps:
  - remote: buf.build
    owner: envoyproxy
    repository: protoc-gen-validate
    commit: daf171c6cdb54629b5f51e345a79e4dd
    digest: shake256:4ae167d7eed10da5f83a3f5df8c670d249170f11b1f2fd19afda06be2cff4d47dcc95e9e4a15151ecc8ce2d3d3614caf9a04d3ad82fb768a3870dedfa9455f36
  - remote: buf.build
    owner: googleapis
    repository: googleapis
    commit: 536964a08a534d51b8f30f2d6751f1f9
    digest: shake256:b6d518a50df43704333587967830344b49247ac8cf0953847d710f2d72246f677aeba56593dcd78f9199afff8ae9498f8dd5efe54107e5a09c60fff872456ca9
